
Microsoft Visual Studio Solution File, Format Version 12.00
# Visual Studio 15
VisualStudioVersion = 15.0.26730.16
MinimumVisualStudioVersion = 10.0.40219.1
Project("{9A19103F-16F7-4668-BE54-9A1E7A4F7556}") = "travel", "travel.csproj", "{C68BF11A-CC54-453B-A5BE-BA8CA2F250F8}"
EndProject
Global
	GlobalSection(SolutionConfigurationPlatforms) = preSolution
		Debug|Any CPU = Debug|Any CPU
		Release|Any CPU = Release|Any CPU
	EndGlobalSection
	GlobalSection(ProjectConfigurationPlatforms) = postSolution
		{C68BF11A-CC54-453B-A5BE-BA8CA2F250F8}.Debug|Any CPU.ActiveCfg = Debug|Any CPU
		{C68BF11A-CC54-453B-A5BE-BA8CA2F250F8}.Debug|Any CPU.Build.0 = Debug|Any CPU
		{C68BF11A-CC54-453B-A5BE-BA8CA2F250F8}.Release|Any CPU.ActiveCfg = Release|Any CPU
		{C68BF11A-CC54-453B-A5BE-BA8CA2F250F8}.Release|Any CPU.Build.0 = Release|Any CPU
	EndGlobalSection
	GlobalSection(SolutionProperties) = preSolution
		HideSolutionNode = FALSE
	EndGlobalSection
	GlobalSection(ExtensibilityGlobals) = postSolution
		SolutionGuid = {834B4E05-9F24-4402-98C5-2CBD7BC23909}
	EndGlobalSection
EndGlobal
